
Microsoft Visual Studio Solution File, Format Version 12.00
# Visual Studio 14
VisualStudioVersion = 14.0.25420.1
MinimumVisualStudioVersion = 10.0.40219.1
Project("{2150E333-8FDC-42A3-9474-1A3956D46DE8}") = "Infrastructure", "Infrastructure", "{0F8D2F6F-6954-447F-894D-060633549E1D}"
EndProject
Project("{FAE04EC0-301F-11D3-BF4B-00C04F79EFBC}") = "XmlApi", "XmlApi\XmlApi\XmlApi.csproj", "{EBA552E1-B958-402F-B561-0DC46C02345E}"
EndProject
Project("{2150E333-8FDC-42A3-9474-1A3956D46DE8}") = "XmlApi", "XmlApi", "{F984FF71-A4B8-496C-82E6-611BA99D4AD1}"
EndProject
Project("{FAE04EC0-301F-11D3-BF4B-00C04F79EFBC}") = "XmlApi.Tests", "XmlApi\XmlApi.Tests\XmlApi.Tests.csproj", "{EA75E0AA-8A14-485D-B40C-494CBD908574}"
EndProject
Project("{FAE04EC0-301F-11D3-BF4B-00C04F79EFBC}") = "Models", "Models\Models.csproj", "{4901A2E6-5BFD-4E67-949F-3BF403AD0B75}"
EndProject
Project("{FAE04EC0-301F-11D3-BF4B-00C04F79EFBC}") = "Commands", "Commands\Commands\Commands.csproj", "{6B2144B6-CB0F-4F56-99DA-889D82C36113}"
EndProject
Project("{2150E333-8FDC-42A3-9474-1A3956D46DE8}") = "Commands", "Commands", "{A5B6EA0C-C754-4B6E-95CD-56EE8894989C}"
EndProject
Project("{FAE04EC0-301F-11D3-BF4B-00C04F79EFBC}") = "Commands.Tests", "Commands\Commands.Tests\Commands.Tests.csproj", "{344D647A-BFA1-44B3-ACAB-AD3ECB3BBC25}"
EndProject
Project("{2150E333-8FDC-42A3-9474-1A3956D46DE8}") = "Jobs", "Jobs", "{7296DA1B-93A1-4B82-ADDE-A696E6619F14}"
EndProject
Project("{FAE04EC0-301F-11D3-BF4B-00C04F79EFBC}") = "Jobs", "Jobs\Jobs\Jobs.csproj", "{90BF42AC-51A6-4B5C-A8FE-D7D3A36408FE}"
EndProject
Project("{2150E333-8FDC-42A3-9474-1A3956D46DE8}") = "Excel", "Excel", "{EB6811FF-302C-47A4-AFCC-A9E57C93539A}"
EndProject
Project("{FAE04EC0-301F-11D3-BF4B-00C04F79EFBC}") = "ExcelDocument", "Excel\Excel\ExcelDocument.csproj", "{09D4AD6B-A37F-47EF-B46E-C6BB437C77D3}"
EndProject
Project("{FAE04EC0-301F-11D3-BF4B-00C04F79EFBC}") = "ExcelDocument.Tests", "Excel\Excel.Tests\ExcelDocument.Tests.csproj", "{E1D8C7C4-7928-490B-83E2-07164C283A98}"
EndProject
Project("{FAE04EC0-301F-11D3-BF4B-00C04F79EFBC}") = "Excel.Models", "Excel\Excel.Models\Excel.Models.csproj", "{297AD6EC-E274-45D5-BC6F-F58E3AEC8D4D}"
EndProject
Project("{2150E333-8FDC-42A3-9474-1A3956D46DE8}") = "DataBase", "DataBase", "{A7C46693-828A-44CC-8958-2D97C0E6D61E}"
EndProject
Project("{FAE04EC0-301F-11D3-BF4B-00C04F79EFBC}") = "DataBaseAccess", "DataBase\DataBaseAccess\DataBaseAccess.csproj", "{D59EBCF0-C12C-4370-903B-71603551AB8D}"
EndProject
Project("{FAE04EC0-301F-11D3-BF4B-00C04F79EFBC}") = "DataBaseAccess.Tests", "DataBase\DataBaseAccess.Tests\DataBaseAccess.Tests.csproj", "{FDEC7FC8-8BB9-47DE-BAAB-1E36BBF7ECBC}"
EndProject
Project("{FAE04EC0-301F-11D3-BF4B-00C04F79EFBC}") = "DataAccess.Common", "DataBase\DataAccess.Common\DataAccess.Common.csproj", "{27E5E41C-295B-4D27-A160-783462849C24}"
EndProject
Project("{FAE04EC0-301F-11D3-BF4B-00C04F79EFBC}") = "Jobs.Tests", "Jobs\Jobs.Tests\Jobs.Tests.csproj", "{E13C3A1A-0427-45E8-8035-60C228C2A6FC}"
EndProject
Global
	GlobalSection(SolutionConfigurationPlatforms) = preSolution
		Debug|Any CPU = Debug|Any CPU
		Release|Any CPU = Release|Any CPU
	EndGlobalSection
	GlobalSection(ProjectConfigurationPlatforms) = postSolution
		{EBA552E1-B958-402F-B561-0DC46C02345E}.Debug|Any CPU.ActiveCfg = Debug|Any CPU
		{EBA552E1-B958-402F-B561-0DC46C02345E}.Debug|Any CPU.Build.0 = Debug|Any CPU
		{EBA552E1-B958-402F-B561-0DC46C02345E}.Release|Any CPU.ActiveCfg = Release|Any CPU
		{EBA552E1-B958-402F-B561-0DC46C02345E}.Release|Any CPU.Build.0 = Release|Any CPU
		{EA75E0AA-8A14-485D-B40C-494CBD908574}.Debug|Any CPU.ActiveCfg = Debug|Any CPU
		{EA75E0AA-8A14-485D-B40C-494CBD908574}.Debug|Any CPU.Build.0 = Debug|Any CPU
		{EA75E0AA-8A14-485D-B40C-494CBD908574}.Release|Any CPU.ActiveCfg = Release|Any CPU
		{EA75E0AA-8A14-485D-B40C-494CBD908574}.Release|Any CPU.Build.0 = Release|Any CPU
		{4901A2E6-5BFD-4E67-949F-3BF403AD0B75}.Debug|Any CPU.ActiveCfg = Debug|Any CPU
		{4901A2E6-5BFD-4E67-949F-3BF403AD0B75}.Debug|Any CPU.Build.0 = Debug|Any CPU
		{4901A2E6-5BFD-4E67-949F-3BF403AD0B75}.Release|Any CPU.ActiveCfg = Release|Any CPU
		{4901A2E6-5BFD-4E67-949F-3BF403AD0B75}.Release|Any CPU.Build.0 = Release|Any CPU
		{6B2144B6-CB0F-4F56-99DA-889D82C36113}.Debug|Any CPU.ActiveCfg = Debug|Any CPU
		{6B2144B6-CB0F-4F56-99DA-889D82C36113}.Debug|Any CPU.Build.0 = Debug|Any CPU
		{6B2144B6-CB0F-4F56-99DA-889D82C36113}.Release|Any CPU.ActiveCfg = Release|Any CPU
		{6B2144B6-CB0F-4F56-99DA-889D82C36113}.Release|Any CPU.Build.0 = Release|Any CPU
		{344D647A-BFA1-44B3-ACAB-AD3ECB3BBC25}.Debug|Any CPU.ActiveCfg = Debug|Any CPU
		{344D647A-BFA1-44B3-ACAB-AD3ECB3BBC25}.Debug|Any CPU.Build.0 = Debug|Any CPU
		{344D647A-BFA1-44B3-ACAB-AD3ECB3BBC25}.Release|Any CPU.ActiveCfg = Release|Any CPU
		{344D647A-BFA1-44B3-ACAB-AD3ECB3BBC25}.Release|Any CPU.Build.0 = Release|Any CPU
		{90BF42AC-51A6-4B5C-A8FE-D7D3A36408FE}.Debug|Any CPU.ActiveCfg = Debug|Any CPU
		{90BF42AC-51A6-4B5C-A8FE-D7D3A36408FE}.Debug|Any CPU.Build.0 = Debug|Any CPU
		{90BF42AC-51A6-4B5C-A8FE-D7D3A36408FE}.Release|Any CPU.ActiveCfg = Release|Any CPU
		{90BF42AC-51A6-4B5C-A8FE-D7D3A36408FE}.Release|Any CPU.Build.0 = Release|Any CPU
		{09D4AD6B-A37F-47EF-B46E-C6BB437C77D3}.Debug|Any CPU.ActiveCfg = Debug|Any CPU
		{09D4AD6B-A37F-47EF-B46E-C6BB437C77D3}.Debug|Any CPU.Build.0 = Debug|Any CPU
		{09D4AD6B-A37F-47EF-B46E-C6BB437C77D3}.Release|Any CPU.ActiveCfg = Release|Any CPU
		{09D4AD6B-A37F-47EF-B46E-C6BB437C77D3}.Release|Any CPU.Build.0 = Release|Any CPU
		{E1D8C7C4-7928-490B-83E2-07164C283A98}.Debug|Any CPU.ActiveCfg = Debug|Any CPU
		{E1D8C7C4-7928-490B-83E2-07164C283A98}.Debug|Any CPU.Build.0 = Debug|Any CPU
		{E1D8C7C4-7928-490B-83E2-07164C283A98}.Release|Any CPU.ActiveCfg = Release|Any CPU
		{E1D8C7C4-7928-490B-83E2-07164C283A98}.Release|Any CPU.Build.0 = Release|Any CPU
		{297AD6EC-E274-45D5-BC6F-F58E3AEC8D4D}.Debug|Any CPU.ActiveCfg = Debug|Any CPU
		{297AD6EC-E274-45D5-BC6F-F58E3AEC8D4D}.Debug|Any CPU.Build.0 = Debug|Any CPU
		{297AD6EC-E274-45D5-BC6F-F58E3AEC8D4D}.Release|Any CPU.ActiveCfg = Release|Any CPU
		{297AD6EC-E274-45D5-BC6F-F58E3AEC8D4D}.Release|Any CPU.Build.0 = Release|Any CPU
		{D59EBCF0-C12C-4370-903B-71603551AB8D}.Debug|Any CPU.ActiveCfg = Debug|Any CPU
		{D59EBCF0-C12C-4370-903B-71603551AB8D}.Debug|Any CPU.Build.0 = Debug|Any CPU
		{D59EBCF0-C12C-4370-903B-71603551AB8D}.Release|Any CPU.ActiveCfg = Release|Any CPU
		{D59EBCF0-C12C-4370-903B-71603551AB8D}.Release|Any CPU.Build.0 = Release|Any CPU
		{FDEC7FC8-8BB9-47DE-BAAB-1E36BBF7ECBC}.Debug|Any CPU.ActiveCfg = Debug|Any CPU
		{FDEC7FC8-8BB9-47DE-BAAB-1E36BBF7ECBC}.Debug|Any CPU.Build.0 = Debug|Any CPU
		{FDEC7FC8-8BB9-47DE-BAAB-1E36BBF7ECBC}.Release|Any CPU.ActiveCfg = Release|Any CPU
		{FDEC7FC8-8BB9-47DE-BAAB-1E36BBF7ECBC}.Release|Any CPU.Build.0 = Release|Any CPU
		{27E5E41C-295B-4D27-A160-783462849C24}.Debug|Any CPU.ActiveCfg = Debug|Any CPU
		{27E5E41C-295B-4D27-A160-783462849C24}.Debug|Any CPU.Build.0 = Debug|Any CPU
		{27E5E41C-295B-4D27-A160-783462849C24}.Release|Any CPU.ActiveCfg = Release|Any CPU
		{27E5E41C-295B-4D27-A160-783462849C24}.Release|Any CPU.Build.0 = Release|Any CPU
		{E13C3A1A-0427-45E8-8035-60C228C2A6FC}.Debug|Any CPU.ActiveCfg = Debug|Any CPU
		{E13C3A1A-0427-45E8-8035-60C228C2A6FC}.Debug|Any CPU.Build.0 = Debug|Any CPU
		{E13C3A1A-0427-45E8-8035-60C228C2A6FC}.Release|Any CPU.ActiveCfg = Release|Any CPU
		{E13C3A1A-0427-45E8-8035-60C228C2A6FC}.Release|Any CPU.Build.0 = Release|Any CPU
	EndGlobalSection
	GlobalSection(SolutionProperties) = preSolution
		HideSolutionNode = FALSE
	EndGlobalSection
	GlobalSection(NestedProjects) = preSolution
		{EBA552E1-B958-402F-B561-0DC46C02345E} = {F984FF71-A4B8-496C-82E6-611BA99D4AD1}
		{F984FF71-A4B8-496C-82E6-611BA99D4AD1} = {0F8D2F6F-6954-447F-894D-060633549E1D}
		{EA75E0AA-8A14-485D-B40C-494CBD908574} = {F984FF71-A4B8-496C-82E6-611BA99D4AD1}
		{6B2144B6-CB0F-4F56-99DA-889D82C36113} = {A5B6EA0C-C754-4B6E-95CD-56EE8894989C}
		{344D647A-BFA1-44B3-ACAB-AD3ECB3BBC25} = {A5B6EA0C-C754-4B6E-95CD-56EE8894989C}
		{90BF42AC-51A6-4B5C-A8FE-D7D3A36408FE} = {7296DA1B-93A1-4B82-ADDE-A696E6619F14}
		{EB6811FF-302C-47A4-AFCC-A9E57C93539A} = {0F8D2F6F-6954-447F-894D-060633549E1D}
		{09D4AD6B-A37F-47EF-B46E-C6BB437C77D3} = {EB6811FF-302C-47A4-AFCC-A9E57C93539A}
		{E1D8C7C4-7928-490B-83E2-07164C283A98} = {EB6811FF-302C-47A4-AFCC-A9E57C93539A}
		{297AD6EC-E274-45D5-BC6F-F58E3AEC8D4D} = {EB6811FF-302C-47A4-AFCC-A9E57C93539A}
		{A7C46693-828A-44CC-8958-2D97C0E6D61E} = {0F8D2F6F-6954-447F-894D-060633549E1D}
		{D59EBCF0-C12C-4370-903B-71603551AB8D} = {A7C46693-828A-44CC-8958-2D97C0E6D61E}
		{FDEC7FC8-8BB9-47DE-BAAB-1E36BBF7ECBC} = {A7C46693-828A-44CC-8958-2D97C0E6D61E}
		{27E5E41C-295B-4D27-A160-783462849C24} = {A7C46693-828A-44CC-8958-2D97C0E6D61E}
		{E13C3A1A-0427-45E8-8035-60C228C2A6FC} = {7296DA1B-93A1-4B82-ADDE-A696E6619F14}
	EndGlobalSection
EndGlobal
